{
  "name": "jun",
  "version": "1.0.0",
  "lockfileVersion": 1,
  "requires": true,
  "dependencies": {
    "@prisma/bar": {
      "version": "0.0.1",
      "resolved": "https://registry.npmjs.org/@prisma/bar/-/bar-0.0.1.tgz",
      "integrity": "sha512-FVLhwVkbfhXlBhroWfIXMLi+3Jh9IEzYp+9z+MUUiw3ZsbcoAil7CN9/QIjHc4/TcCRyRfuSmT7qCnn4O+TjJw==",
      "dev": true
    },
    "@prisma/cli": {
      "version": "2.12.1",
      "resolved": "https://registry.npmjs.org/@prisma/cli/-/cli-2.12.1.tgz",
      "integrity": "sha512-obkwK95dEeifCdVehG0rS0BlPQGLsOtc9U1MgbrjNX3MnhXQdwROnvymfPB3DBlNyoLoHGklPgi9UlwBokNXcQ==",
      "dev": true,
      "requires": {
        "@prisma/bar": "^0.0.1",
        "@prisma/engines": "2.12.0-18.cf0680a1bfe8d5e743dc659cc7f08009f9587d58"
      }
    },
    "@prisma/client": {
      "version": "2.12.1",
      "resolved": "https://registry.npmjs.org/@prisma/client/-/client-2.12.1.tgz",
      "integrity": "sha512-HP4/E9sRdxw/FB7XP4EeRa5ri8Lp1U/L7G4VAA95aM8C+8ARioQHMNDpEjC83NrOrOr4EcaZV5pXDDQL1H+F0g==",
      "requires": {
        "@prisma/engines-version": "2.12.0-18.cf0680a1bfe8d5e743dc659cc7f08009f9587d58"
      }
    },
    "@prisma/engines": {
      "version": "2.12.0-18.cf0680a1bfe8d5e743dc659cc7f08009f9587d58",
      "resolved": "https://registry.npmjs.org/@prisma/engines/-/engines-2.12.0-18.cf0680a1bfe8d5e743dc659cc7f08009f9587d58.tgz",
      "integrity": "sha512-F6RmUZ5JpPWxmGvVDji8c4gepHIGkvYbtuFi0IoDDJVaCVo8yS656stciKFyswI6/BLWXa0X47/MIMbz6nzw7g==",
      "dev": true
    },
    "@prisma/engines-version": {
      "version": "2.12.0-18.cf0680a1bfe8d5e743dc659cc7f08009f9587d58",
      "resolved": "https://registry.npmjs.org/@prisma/engines-version/-/engines-version-2.12.0-18.cf0680a1bfe8d5e743dc659cc7f08009f9587d58.tgz",
      "integrity": "sha512-IHb/Jag1Wmoq5tLZhOHP5zqLHEXqQEfrHb6l0drIBSvh2AF7yWQ3yyuD0ZEb1Nq37SvbBgop5wrWMOU8YWFTGQ=="
    }
  }
}
